{
  "nodes": {
    "brew-src": {
      "flake": false,
      "locked": {
        "lastModified": 1787796349,
        "narHash": "sha256-5s+MJAFyemD6lvrtL2c0jQ7P/XChdx1MPXzoCaQY+ic=",
        "owner": "Homebrew",
        "repo": "brew",
        "rev": "3e3da86e4eaccd23f4ce43df9b0a31b16c707347",
        "type": "github"
      },
      "original": {
        "owner": "Homebrew",
        "ref": "6.0.20",
        "repo": "brew",
        "type": "github"
      }
    },
    "claude-code": {
      "inputs": {
        "nixpkgs": [
          "nixpkgs"
        ],
        "systems": "systems"
      },
      "locked": {
        "lastModified": 1788390097,
        "narHash": "sha256-oofzNN6ZOgyc6o6yb4gSJlEGqRajejwBXOZeCM3oMno=",
        "owner": "sadjow",
        "repo": "claude-code-nix",
        "rev": "98baea86e15af13581b9859e25857da994419ddd",
        "type": "github"
      },
      "original": {
        "owner": "sadjow",
        "repo": "claude-code-nix",
        "type": "github"
      }
    },
    "darwin": {
      "inputs": {
        "nixpkgs": [
          "nixpkgs"
        ]
      },
      "locked": {
        "lastModified": 1786845137,
        "narHash": "sha256-oQFip+v0luP8NIxJzmiW4Wu8bILsbFWom5l0zonl8hQ=",
        "owner": "nix-darwin",
        "repo": "nix-darwin",
        "rev": "4cff07de74b50e64bdd68cd4e722ab5b6b35ee48",
        "type": "github"
      },
      "original": {
        "owner": "nix-darwin",
        "repo": "nix-darwin",
        "type": "github"
      }
    },
    "determinate": {
      "inputs": {
        "determinate-nixd-aarch64-darwin": "determinate-nixd-aarch64-darwin",
        "determinate-nixd-aarch64-linux": "determinate-nixd-aarch64-linux",
        "determinate-nixd-x86_64-linux": "determinate-nixd-x86_64-linux",
        "nix": "nix",
        "nixpkgs": "nixpkgs_2"
      },
      "locked": {
        "lastModified": 1788427446,
        "narHash": "sha256-3JntNU/vT11eljUs+NKvVea8u+TTA3d+pGBZOD9KZBI=",
        "rev": "cb76ac22754f6b36c008a3c39477c174a146dd6b",
        "revCount": 436,
        "type": "tarball",
        "url": "https://api.flakehub.com/f/pinned/DeterminateSystems/determinate/3.22.3/01a06698-e4aa-7ed0-adb3-2be018fc0c1f/source.tar.gz"
      },
      "original": {
        "type": "tarball",
        "url": "https://flakehub.com/f/DeterminateSystems/determinate/%2A"
      }
    },
    "determinate-nixd-aarch64-darwin": {
      "flake": false,
      "locked": {
        "narHash": "sha256-hG3WJH3ox9F4jzQX6Tm4kkuu5Jld5ahSHWWLkLvqptg=",
        "type": "file",
        "url": "https://install.determinate.systems/determinate-nixd/tag/v3.22.3/macOS"
      },
      "original": {
        "type": "file",
        "url": "https://install.determinate.systems/determinate-nixd/tag/v3.22.3/macOS"
      }
    },
    "determinate-nixd-aarch64-linux": {
      "flake": false,
      "locked": {
        "narHash": "sha256-JD6kygFDs/JIlFOe45IgeI5r/UjQOE0QyX90EB0s5mg=",
        "type": "file",
        "url": "https://install.determinate.systems/determinate-nixd/tag/v3.22.3/aarch64-linux"
      },
      "original": {
        "type": "file",
        "url": "https://install.determinate.systems/determinate-nixd/tag/v3.22.3/aarch64-linux"
      }
    },
    "determinate-nixd-x86_64-linux": {
      "flake": false,
      "locked": {
        "narHash": "sha256-njskQtmrE+ynHHz1TOP1Ws0tgL9XJgDdQIM1KA/kW7E=",
        "type": "file",
        "url": "https://install.determinate.systems/determinate-nixd/tag/v3.22.3/x86_64-linux"
      },
      "original": {
        "type": "file",
        "url": "https://install.determinate.systems/determinate-nixd/tag/v3.22.3/x86_64-linux"
      }
    },
    "flake-compat": {
      "flake": false,
      "locked": {
        "lastModified": 1767039857,
        "narHash": "sha256-vNpUSpF5Nuw8xvDLj2KCwwksIbjua2LZCqhV1LNRDns=",
        "owner": "NixOS",
        "repo": "flake-compat",
        "rev": "5edf11c44bc78a0d334f6334cdaf7d60d732daab",
        "type": "github"
      },
      "original": {
        "owner": "NixOS",
        "repo": "flake-compat",
        "type": "github"
      }
    },
    "flake-parts": {
      "inputs": {
        "nixpkgs-lib": [
          "determinate",
          "nix",
          "nixpkgs"
        ]
      },
      "locked": {
        "lastModified": 1782949081,
        "narHash": "sha256-vp6Y/Grm98ESt6ceOkWiHWyZRDV3J1RID4w+6NWK9yA=",
        "rev": "17c9d6cdfc60c64f4ee8d306f9bc0b4ccb51481e",
        "revCount": 480,
        "type": "tarball",
        "url": "https://api.flakehub.com/f/pinned/hercules-ci/flake-parts/0.1.480%2Brev-17c9d6cdfc60c64f4ee8d306f9bc0b4ccb51481e/019f2195-dee5-7233-9747-eca0c27f7406/source.tar.gz"
      },
      "original": {
        "type": "tarball",
        "url": "https://flakehub.com/f/hercules-ci/flake-parts/0.1"
      }
    },
    "flake-parts_2": {
      "inputs": {
        "nixpkgs-lib": [
          "neovim",
          "nixpkgs"
        ]
      },
      "locked": {
        "lastModified": 1788306937,
        "narHash": "sha256-lbrI1UYVpFgKSsyrU9oeF7FHfnu8nLD9ja0ou9f2rxk=",
        "owner": "hercules-ci",
        "repo": "flake-parts",
        "rev": "f16b25b8c3d2809b87925d0b76652d7821a75c68",
        "type": "github"
      },
      "original": {
        "owner": "hercules-ci",
        "repo": "flake-parts",
        "type": "github"
      }
    },
    "git-hooks-nix": {
      "inputs": {
        "flake-compat": "flake-compat",
        "nixpkgs": [
          "determinate",
          "nix",
          "nixpkgs"
        ]
      },
      "locked": {
        "lastModified": 1784288435,
        "narHash": "sha256-ReRHaLgr/uVqdD8afFSn+myXIfpHeOhP0yYe0TJqAA8=",
        "rev": "43b3c1ab9d40fb1dbb008f451988a91e375825e9",
        "revCount": 1231,
        "type": "tarball",
        "url": "https://api.flakehub.com/f/pinned/cachix/git-hooks.nix/0.1.1231%2Brev-43b3c1ab9d40fb1dbb008f451988a91e375825e9/019f7135-8fdf-76f0-b1a1-d2c67e91af8d/source.tar.gz"
      },
      "original": {
        "type": "tarball",
        "url": "https://flakehub.com/f/cachix/git-hooks.nix/0.1.941"
      }
    },
    "home-manager": {
      "inputs": {
        "nixpkgs": [
          "nixpkgs"
        ]
      },
      "locked": {
        "lastModified": 1788458226,
        "narHash": "sha256-UZTAlg8iKVEmyEXakzKmukrzFIKrXezYsRy9vajDrGw=",
        "owner": "nix-community",
        "repo": "home-manager",
        "rev": "aa308770461dcf22c333a5e8a31c8bddbde5bee9",
        "type": "github"
      },
      "original": {
        "owner": "nix-community",
        "repo": "home-manager",
        "type": "github"
      }
    },
    "neovim": {
      "inputs": {
        "flake-parts": "flake-parts_2",
        "neovim-src": "neovim-src",
        "nixpkgs": "nixpkgs_3"
      },
      "locked": {
        "lastModified": 1788393741,
        "narHash": "sha256-MKEI36aNvg8GMWM5+sV9PbjecH6u+3TuxXu3tXLjdys=",
        "owner": "nix-community",
        "repo": "neovim-nightly-overlay",
        "rev": "25fa5a3d00c0274867538e29711f366319847092",
        "type": "github"
      },
      "original": {
        "owner": "nix-community",
        "repo": "neovim-nightly-overlay",
        "type": "github"
      }
    },
    "neovim-src": {
      "flake": false,
      "locked": {
        "lastModified": 1788386325,
        "narHash": "sha256-UstejJQv2qdSNiXJQETTnlf9KoidTMl+/DHq+rf3iLc=",
        "owner": "neovim",
        "repo": "neovim",
        "rev": "4b3ab0d6bd5ebfccbb76cd5ded0b0868c6d69f6d",
        "type": "github"
      },
      "original": {
        "owner": "neovim",
        "repo": "neovim",
        "type": "github"
      }
    },
    "nix": {
      "inputs": {
        "flake-parts": "flake-parts",
        "git-hooks-nix": "git-hooks-nix",
        "nixpkgs": "nixpkgs",
        "nixpkgs-23-11": "nixpkgs-23-11",
        "nixpkgs-regression": "nixpkgs-regression"
      },
      "locked": {
        "lastModified": 1788380291,
        "narHash": "sha256-bv8yt03cVAPdAc6/9nntqW2/QJeFsvuuYK0bbT99MDA=",
        "rev": "3ed5caa3bbde51ab87977c8a80e27c6ed0ea8534",
        "revCount": 27315,
        "type": "tarball",
        "url": "https://api.flakehub.com/f/pinned/DeterminateSystems/nix-src/3.22.3/01a063f1-9def-7051-9003-4691ca024a72/source.tar.gz"
      },
      "original": {
        "type": "tarball",
        "url": "https://flakehub.com/f/DeterminateSystems/nix-src/%2A"
      }
    },
    "nix-homebrew": {
      "inputs": {
        "brew-src": "brew-src"
      },
      "locked": {
        "lastModified": 1788444135,
        "narHash": "sha256-ChwTDZPvTmEgZdS30dUfgdXlzAPtZAUWwEH/PfDXZmg=",
        "owner": "zhaofengli",
        "repo": "nix-homebrew",
        "rev": "ec8417a617de4d3c739aed40837e308ebd667165",
        "type": "github"
      },
      "original": {
        "owner": "zhaofengli",
        "repo": "nix-homebrew",
        "type": "github"
      }
    },
    "nixpkgs": {
      "locked": {
        "lastModified": 1787962033,
        "narHash": "sha256-u6z9VTZA4Kf3RkHQo9sQI7NI4Ei/uiU9vrMqOiwWP1Y=",
        "rev": "c5c4a43b0e8056328ec4529f735cabdb8f1942bb",
        "revCount": 1012930,
        "type": "tarball",
        "url": "https://api.flakehub.com/f/pinned/NixOS/nixpkgs/0.2605.1012930%2Brev-c5c4a43b0e8056328ec4529f735cabdb8f1942bb/01a053c0-7061-7382-b001-102e9148a5b5/source.tar.gz"
      },
      "original": {
        "type": "tarball",
        "url": "https://flakehub.com/f/NixOS/nixpkgs/0.2605"
      }
    },
    "nixpkgs-23-11": {
      "locked": {
        "lastModified": 1717159533,
        "narHash": "sha256-oamiKNfr2MS6yH64rUn99mIZjc45nGJlj9eGth/3Xuw=",
        "owner": "NixOS",
        "repo": "nixpkgs",
        "rev": "a62e6edd6d5e1fa0329b8653c801147986f8d446",
        "type": "github"
      },
      "original": {
        "owner": "NixOS",
        "repo": "nixpkgs",
        "rev": "a62e6edd6d5e1fa0329b8653c801147986f8d446",
        "type": "github"
      }
    },
    "nixpkgs-regression": {
      "locked": {
        "lastModified": 1643052045,
        "narHash": "sha256-uGJ0VXIhWKGXxkeNnq4TvV3CIOkUJ3PAoLZ3HMzNVMw=",
        "owner": "NixOS",
        "repo": "nixpkgs",
        "rev": "215d4d0fd80ca5163643b03a33fde804a29cc1e2",
        "type": "github"
      },
      "original": {
        "owner": "NixOS",
        "repo": "nixpkgs",
        "rev": "215d4d0fd80ca5163643b03a33fde804a29cc1e2",
        "type": "github"
      }
    },
    "nixpkgs_2": {
      "locked": {
        "lastModified": 1787498568,
        "narHash": "sha256-9i/VTdusq/+NM/tz+J1Re+ojkMB8MBf0QshnYfzHz30=",
        "rev": "56c02bc00adcf003215cc4bd996d6efaf4cff188",
        "revCount": 1060451,
        "type": "tarball",
        "url": "https://api.flakehub.com/f/pinned/DeterminateSystems/nixpkgs-weekly/0.1.1060451%2Brev-56c02bc00adcf003215cc4bd996d6efaf4cff188/01a05b78-a1af-7e32-b8fa-6b77e11317d1/source.tar.gz"
      },
      "original": {
        "type": "tarball",
        "url": "https://flakehub.com/f/DeterminateSystems/nixpkgs-weekly/0.1"
      }
    },
    "nixpkgs_3": {
      "locked": {
        "lastModified": 1787964612,
        "narHash": "sha256-0N9nghg3nwzX6b6qc77EzjR9cu/Z+UR66FlfsCqiURs=",
        "owner": "NixOS",
        "repo": "nixpkgs",
        "rev": "e8be7818e19ada32105a8af937a6a473b38167ca",
        "type": "github"
      },
      "original": {
        "owner": "NixOS",
        "ref": "nixpkgs-unstable",
        "repo": "nixpkgs",
        "type": "github"
      }
    },
    "nixpkgs_4": {
      "locked": {
        "lastModified": 1788316716,
        "narHash": "sha256-bc7rSpXIdn9QWGNqfWcPZWOhEVF8NoeAZkWq0XWnf/k=",
        "owner": "NixOS",
        "repo": "nixpkgs",
        "rev": "3ed67ec0a4d3c7ab4ae1f04f8ee8df07bfa506a2",
        "type": "github"
      },
      "original": {
        "owner": "NixOS",
        "ref": "nixos-unstable",
        "repo": "nixpkgs",
        "type": "github"
      }
    },
    "root": {
      "inputs": {
        "claude-code": "claude-code",
        "darwin": "darwin",
        "determinate": "determinate",
        "home-manager": "home-manager",
        "neovim": "neovim",
        "nix-homebrew": "nix-homebrew",
        "nixpkgs": "nixpkgs_4",
        "sops-nix": "sops-nix",
        "tmux-easy-motion": "tmux-easy-motion",
        "tmux-menus": "tmux-menus"
      }
    },
    "sops-nix": {
      "inputs": {
        "nixpkgs": [
          "nixpkgs"
        ]
      },
      "locked": {
        "lastModified": 1788337237,
        "narHash": "sha256-gkSH8VUtCo6hnysNmb9DbTuDepH2t5pv+QWjP75xKAk=",
        "owner": "Mic92",
        "repo": "sops-nix",
        "rev": "fbf759290e0cb0a98dfc813a4eb7d53ad1dacb57",
        "type": "github"
      },
      "original": {
        "owner": "Mic92",
        "repo": "sops-nix",
        "type": "github"
      }
    },
    "systems": {
      "locked": {
        "lastModified": 1681028828,
        "narHash": "sha256-Vy1rq5AaRuLzOxct8nz4T6wlgyUR7zLU309k9mBC768=",
        "owner": "nix-systems",
        "repo": "default",
        "rev": "da67096a3b9bf56a91d16901293e51ba5b49a27e",
        "type": "github"
      },
      "original": {
        "owner": "nix-systems",
        "repo": "default",
        "type": "github"
      }
    },
    "tmux-easy-motion": {
      "flake": false,
      "locked": {
        "lastModified": 1784184081,
        "narHash": "sha256-8RRIXQc5odHSI1kVehU/tfqBw+IOcRUB5oPu7rqFTSo=",
        "owner": "IngoMeyer441",
        "repo": "tmux-easy-motion",
        "rev": "1a1aca6ed82b6b02dbfee99e0125540b6f590743",
        "type": "github"
      },
      "original": {
        "owner": "IngoMeyer441",
        "repo": "tmux-easy-motion",
        "type": "github"
      }
    },
    "tmux-menus": {
      "flake": false,
      "locked": {
        "lastModified": 1788050615,
        "narHash": "sha256-F2fBWVdsaZXUl0AMf2HwfSX4FRqvXW6d3GJN4nprDUk=",
        "owner": "jaclu",
        "repo": "tmux-menus",
        "rev": "816ab39e769f6f215fd2cbe766eae739760a1d49",
        "type": "github"
      },
      "original": {
        "owner": "jaclu",
        "repo": "tmux-menus",
        "type": "github"
      }
    }
  },
  "root": "root",
  "version": 7
}
